
Microsoft Visual Studio Solution File, Format Version 12.00
# Visual Studio Version 16
VisualStudioVersion = 16.0.30225.117
MinimumVisualStudioVersion = 10.0.40219.1
Project("{FAE04EC0-301F-11D3-BF4B-00C04F79EFBC}") = "DU Screen Simulator", "DU Screen Simulator\DU Screen Simulator.csproj", "{E6AC76BD-28F5-4BB4-8F61-050E7C2F1708}"
EndProject
Global
	GlobalSection(SolutionConfigurationPlatforms) = preSolution
		Debug|Any CPU = Debug|Any CPU
		Release|Any CPU = Release|Any CPU
	EndGlobalSection
	GlobalSection(ProjectConfigurationPlatforms) = postSolution
		{E6AC76BD-28F5-4BB4-8F61-050E7C2F1708}.Debug|Any CPU.ActiveCfg = Debug|Any CPU
		{E6AC76BD-28F5-4BB4-8F61-050E7C2F1708}.Debug|Any CPU.Build.0 = Debug|Any CPU
		{E6AC76BD-28F5-4BB4-8F61-050E7C2F1708}.Release|Any CPU.ActiveCfg = Release|Any CPU
		{E6AC76BD-28F5-4BB4-8F61-050E7C2F1708}.Release|Any CPU.Build.0 = Release|Any CPU
	EndGlobalSection
	GlobalSection(SolutionProperties) = preSolution
		HideSolutionNode = FALSE
	EndGlobalSection
	GlobalSection(ExtensibilityGlobals) = postSolution
		SolutionGuid = {BC2A4524-9CCA-49D3-B14F-397E4A222308}
	EndGlobalSection
EndGlobal
